
Microsoft Visual Studio Solution File, Format Version 12.00
# Visual Studio Version 17
VisualStudioVersion = 17.1.32328.378
MinimumVisualStudioVersion = 10.0.40219.1
Project("{FAE04EC0-301F-11D3-BF4B-00C04F79EFBC}") = "webapi_RepositoryPattern_demo02", "webapi_RepositoryPattern_demo02\webapi_RepositoryPattern_demo02.csproj", "{29F88628-004D-4C42-807F-8014CBD1F270}"
EndProject
Global
	GlobalSection(SolutionConfigurationPlatforms) = preSolution
		Debug|Any CPU = Debug|Any CPU
		Release|Any CPU = Release|Any CPU
	EndGlobalSection
	GlobalSection(ProjectConfigurationPlatforms) = postSolution
		{29F88628-004D-4C42-807F-8014CBD1F270}.Debug|Any CPU.ActiveCfg = Debug|Any CPU
		{29F88628-004D-4C42-807F-8014CBD1F270}.Debug|Any CPU.Build.0 = Debug|Any CPU
		{29F88628-004D-4C42-807F-8014CBD1F270}.Release|Any CPU.ActiveCfg = Release|Any CPU
		{29F88628-004D-4C42-807F-8014CBD1F270}.Release|Any CPU.Build.0 = Release|Any CPU
	EndGlobalSection
	GlobalSection(SolutionProperties) = preSolution
		HideSolutionNode = FALSE
	EndGlobalSection
	GlobalSection(ExtensibilityGlobals) = postSolution
		SolutionGuid = {0D13D2BC-B14C-470E-8209-F74F24A83D94}
	EndGlobalSection
EndGlobal
